
Microsoft Visual Studio Solution File, Format Version 12.00
# Visual Studio 15
VisualStudioVersion = 15.0.27130.2020
MinimumVisualStudioVersion = 10.0.40219.1
Project("{9A19103F-16F7-4668-BE54-9A1E7A4F7556}") = "SuperSocket.Common", "SuperSocket.Common\SuperSocket.Common.csproj", "{1F37E632-D000-46C9-816A-D9E2ED21DF19}"
EndProject
Project("{FAE04EC0-301F-11D3-BF4B-00C04F79EFBC}") = "SuperSocket.SocketBase", "SuperSocket.SocketBase\SuperSocket.SocketBase.csproj", "{10F849CC-77BA-4F2B-BC49-E9D3FE62CFAD}"
EndProject
Project("{FAE04EC0-301F-11D3-BF4B-00C04F79EFBC}") = "SuperSocket.SocketEngine", "SuperSocket.SocketEngine\SuperSocket.SocketEngine.csproj", "{83BEDEED-61B6-4301-9EF9-A5A4643C7584}"
EndProject
Project("{FAE04EC0-301F-11D3-BF4B-00C04F79EFBC}") = "SuperSocket.Facility", "SuperSocket.Facility\SuperSocket.Facility.csproj", "{8AFF17DA-AFF5-4B6E-B7A1-E9630656FF30}"
EndProject
Project("{FAE04EC0-301F-11D3-BF4B-00C04F79EFBC}") = "SuperSocket.Dlr", "SuperSocket.Dlr\SuperSocket.Dlr.csproj", "{9BD869ED-5E41-43AD-BDF7-DCE76B01138F}"
EndProject
Global
	GlobalSection(SolutionConfigurationPlatforms) = preSolution
		Debug|Any CPU = Debug|Any CPU
		Release|Any CPU = Release|Any CPU
	EndGlobalSection
	GlobalSection(ProjectConfigurationPlatforms) = postSolution
		{1F37E632-D000-46C9-816A-D9E2ED21DF19}.Debug|Any CPU.ActiveCfg = Debug|Any CPU
		{1F37E632-D000-46C9-816A-D9E2ED21DF19}.Debug|Any CPU.Build.0 = Debug|Any CPU
		{1F37E632-D000-46C9-816A-D9E2ED21DF19}.Release|Any CPU.ActiveCfg = Release|Any CPU
		{1F37E632-D000-46C9-816A-D9E2ED21DF19}.Release|Any CPU.Build.0 = Release|Any CPU
		{10F849CC-77BA-4F2B-BC49-E9D3FE62CFAD}.Debug|Any CPU.ActiveCfg = Debug|Any CPU
		{10F849CC-77BA-4F2B-BC49-E9D3FE62CFAD}.Debug|Any CPU.Build.0 = Debug|Any CPU
		{10F849CC-77BA-4F2B-BC49-E9D3FE62CFAD}.Release|Any CPU.ActiveCfg = Release|Any CPU
		{10F849CC-77BA-4F2B-BC49-E9D3FE62CFAD}.Release|Any CPU.Build.0 = Release|Any CPU
		{83BEDEED-61B6-4301-9EF9-A5A4643C7584}.Debug|Any CPU.ActiveCfg = Debug|Any CPU
		{83BEDEED-61B6-4301-9EF9-A5A4643C7584}.Debug|Any CPU.Build.0 = Debug|Any CPU
		{83BEDEED-61B6-4301-9EF9-A5A4643C7584}.Release|Any CPU.ActiveCfg = Release|Any CPU
		{83BEDEED-61B6-4301-9EF9-A5A4643C7584}.Release|Any CPU.Build.0 = Release|Any CPU
		{8AFF17DA-AFF5-4B6E-B7A1-E9630656FF30}.Debug|Any CPU.ActiveCfg = Debug|Any CPU
		{8AFF17DA-AFF5-4B6E-B7A1-E9630656FF30}.Debug|Any CPU.Build.0 = Debug|Any CPU
		{8AFF17DA-AFF5-4B6E-B7A1-E9630656FF30}.Release|Any CPU.ActiveCfg = Release|Any CPU
		{8AFF17DA-AFF5-4B6E-B7A1-E9630656FF30}.Release|Any CPU.Build.0 = Release|Any CPU
		{9BD869ED-5E41-43AD-BDF7-DCE76B01138F}.Debug|Any CPU.ActiveCfg = Debug|Any CPU
		{9BD869ED-5E41-43AD-BDF7-DCE76B01138F}.Debug|Any CPU.Build.0 = Debug|Any CPU
		{9BD869ED-5E41-43AD-BDF7-DCE76B01138F}.Release|Any CPU.ActiveCfg = Release|Any CPU
		{9BD869ED-5E41-43AD-BDF7-DCE76B01138F}.Release|Any CPU.Build.0 = Release|Any CPU
	EndGlobalSection
	GlobalSection(SolutionProperties) = preSolution
		HideSolutionNode = FALSE
	EndGlobalSection
	GlobalSection(ExtensibilityGlobals) = postSolution
		SolutionGuid = {9A5EAE9C-C686-42F1-A952-8D1C1B01D009}
	EndGlobalSection
EndGlobal
